
Microsoft Visual Studio Solution File, Format Version 12.00
# Visual Studio Version 17
VisualStudioVersion = 17.5.002.0
MinimumVisualStudioVersion = 10.0.40219.1
Project("{9A19103F-16F7-4668-BE54-9A1E7A4F7556}") = "IoT.Platform.API", "IoT.Platform.API.csproj", "{9EA55FDE-76D0-4064-8EF4-349C5B474D1B}"
EndProject
Global
	GlobalSection(SolutionConfigurationPlatforms) = preSolution
		Debug|Any CPU = Debug|Any CPU
		Release|Any CPU = Release|Any CPU
	EndGlobalSection
	GlobalSection(ProjectConfigurationPlatforms) = postSolution
		{9EA55FDE-76D0-4064-8EF4-349C5B474D1B}.Debug|Any CPU.ActiveCfg = Debug|Any CPU
		{9EA55FDE-76D0-4064-8EF4-349C5B474D1B}.Debug|Any CPU.Build.0 = Debug|Any CPU
		{9EA55FDE-76D0-4064-8EF4-349C5B474D1B}.Release|Any CPU.ActiveCfg = Release|Any CPU
		{9EA55FDE-76D0-4064-8EF4-349C5B474D1B}.Release|Any CPU.Build.0 = Release|Any CPU
	EndGlobalSection
	GlobalSection(SolutionProperties) = preSolution
		HideSolutionNode = FALSE
	EndGlobalSection
	GlobalSection(ExtensibilityGlobals) = postSolution
		SolutionGuid = {5EDE147C-8F06-4562-90C9-C96A16ED60B4}
	EndGlobalSection
EndGlobal
